
Microsoft Visual Studio Solution File, Format Version 12.00
# Visual Studio Version 16
VisualStudioVersion = 16.0.34114.132
MinimumVisualStudioVersion = 10.0.40219.1
Project("{FAE04EC0-301F-11D3-BF4B-00C04F79EFBC}") = "Painel_De_Controle_De_Cadastro", "Painel_De_Controle_De_Cadastro\Painel_De_Controle_De_Cadastro.csproj", "{29C41518-7D63-45FC-844C-36ACA88F79BA}"
EndProject
Global
	GlobalSection(SolutionConfigurationPlatforms) = preSolution
		Debug|Any CPU = Debug|Any CPU
		Release|Any CPU = Release|Any CPU
	EndGlobalSection
	GlobalSection(ProjectConfigurationPlatforms) = postSolution
		{29C41518-7D63-45FC-844C-36ACA88F79BA}.Debug|Any CPU.ActiveCfg = Debug|Any CPU
		{29C41518-7D63-45FC-844C-36ACA88F79BA}.Debug|Any CPU.Build.0 = Debug|Any CPU
		{29C41518-7D63-45FC-844C-36ACA88F79BA}.Release|Any CPU.ActiveCfg = Release|Any CPU
		{29C41518-7D63-45FC-844C-36ACA88F79BA}.Release|Any CPU.Build.0 = Release|Any CPU
	EndGlobalSection
	GlobalSection(SolutionProperties) = preSolution
		HideSolutionNode = FALSE
	EndGlobalSection
	GlobalSection(ExtensibilityGlobals) = postSolution
		SolutionGuid = {067586D5-D61A-4D83-83D0-F03256788A64}
	EndGlobalSection
EndGlobal
